
Microsoft Visual Studio Solution File, Format Version 12.00
# Visual Studio Version 17
VisualStudioVersion = 17.6.33829.357
MinimumVisualStudioVersion = 10.0.40219.1
Project("{9A19103F-16F7-4668-BE54-9A1E7A4F7556}") = "Lab_5", "Lab_5\Lab_5.csproj", "{BA561FF0-6D4E-423D-9804-0A014DF52958}"
EndProject
Project("{9A19103F-16F7-4668-BE54-9A1E7A4F7556}") = "Lab_6", "Lab_6\Lab_6.csproj", "{BDE1A7E6-4A38-4E2B-A2D6-63A9567BB736}"
EndProject
Project("{9A19103F-16F7-4668-BE54-9A1E7A4F7556}") = "Lab_7", "Lab_7\Lab_7.csproj", "{7D2C96A5-58DA-4B94-8670-EF2E0554092F}"
EndProject
Project("{FAE04EC0-301F-11D3-BF4B-00C04F79EFBC}") = "Lab_8", "Lab_8\Lab_8.csproj", "{8141448A-02B3-4689-BBBC-361ED0A74771}"
EndProject
Global
	GlobalSection(SolutionConfigurationPlatforms) = preSolution
		Debug|Any CPU = Debug|Any CPU
		Release|Any CPU = Release|Any CPU
	EndGlobalSection
	GlobalSection(ProjectConfigurationPlatforms) = postSolution
		{BA561FF0-6D4E-423D-9804-0A014DF52958}.Debug|Any CPU.ActiveCfg = Debug|Any CPU
		{BA561FF0-6D4E-423D-9804-0A014DF52958}.Debug|Any CPU.Build.0 = Debug|Any CPU
		{BA561FF0-6D4E-423D-9804-0A014DF52958}.Release|Any CPU.ActiveCfg = Release|Any CPU
		{BA561FF0-6D4E-423D-9804-0A014DF52958}.Release|Any CPU.Build.0 = Release|Any CPU
		{BDE1A7E6-4A38-4E2B-A2D6-63A9567BB736}.Debug|Any CPU.ActiveCfg = Debug|Any CPU
		{BDE1A7E6-4A38-4E2B-A2D6-63A9567BB736}.Debug|Any CPU.Build.0 = Debug|Any CPU
		{BDE1A7E6-4A38-4E2B-A2D6-63A9567BB736}.Release|Any CPU.ActiveCfg = Release|Any CPU
		{BDE1A7E6-4A38-4E2B-A2D6-63A9567BB736}.Release|Any CPU.Build.0 = Release|Any CPU
		{7D2C96A5-58DA-4B94-8670-EF2E0554092F}.Debug|Any CPU.ActiveCfg = Debug|Any CPU
		{7D2C96A5-58DA-4B94-8670-EF2E0554092F}.Debug|Any CPU.Build.0 = Debug|Any CPU
		{7D2C96A5-58DA-4B94-8670-EF2E0554092F}.Release|Any CPU.ActiveCfg = Release|Any CPU
		{7D2C96A5-58DA-4B94-8670-EF2E0554092F}.Release|Any CPU.Build.0 = Release|Any CPU
		{8141448A-02B3-4689-BBBC-361ED0A74771}.Debug|Any CPU.ActiveCfg = Debug|Any CPU
		{8141448A-02B3-4689-BBBC-361ED0A74771}.Debug|Any CPU.Build.0 = Debug|Any CPU
		{8141448A-02B3-4689-BBBC-361ED0A74771}.Release|Any CPU.ActiveCfg = Release|Any CPU
		{8141448A-02B3-4689-BBBC-361ED0A74771}.Release|Any CPU.Build.0 = Release|Any CPU
	EndGlobalSection
	GlobalSection(SolutionProperties) = preSolution
		HideSolutionNode = FALSE
	EndGlobalSection
	GlobalSection(ExtensibilityGlobals) = postSolution
		SolutionGuid = {1955EF92-FB14-4904-8846-78EB612984F4}
	EndGlobalSection
EndGlobal
